
Microsoft Visual Studio Solution File, Format Version 12.00
# Visual Studio Version 16
VisualStudioVersion = 16.0.30225.117
MinimumVisualStudioVersion = 10.0.40219.1
Project("{9A19103F-16F7-4668-BE54-9A1E7A4F7556}") = "SwNaQuarentena.Api", "backend\SwNaQuarentena.Api.csproj", "{D05C9B5B-ECAA-49A0-948C-E28E94C55396}"
EndProject
Project("{9A19103F-16F7-4668-BE54-9A1E7A4F7556}") = "SwNaQuarentena.Tests", "tests\SwNaQuarentena.Tests.csproj", "{00F9D6BE-92A2-4731-B41B-322A9799B683}"
EndProject
Global
	GlobalSection(SolutionConfigurationPlatforms) = preSolution
		Debug|Any CPU = Debug|Any CPU
		Release|Any CPU = Release|Any CPU
	EndGlobalSection
	GlobalSection(ProjectConfigurationPlatforms) = postSolution
		{D05C9B5B-ECAA-49A0-948C-E28E94C55396}.Debug|Any CPU.ActiveCfg = Debug|Any CPU
		{D05C9B5B-ECAA-49A0-948C-E28E94C55396}.Debug|Any CPU.Build.0 = Debug|Any CPU
		{D05C9B5B-ECAA-49A0-948C-E28E94C55396}.Release|Any CPU.ActiveCfg = Release|Any CPU
		{D05C9B5B-ECAA-49A0-948C-E28E94C55396}.Release|Any CPU.Build.0 = Release|Any CPU
		{00F9D6BE-92A2-4731-B41B-322A9799B683}.Debug|Any CPU.ActiveCfg = Debug|Any CPU
		{00F9D6BE-92A2-4731-B41B-322A9799B683}.Debug|Any CPU.Build.0 = Debug|Any CPU
		{00F9D6BE-92A2-4731-B41B-322A9799B683}.Release|Any CPU.ActiveCfg = Release|Any CPU
		{00F9D6BE-92A2-4731-B41B-322A9799B683}.Release|Any CPU.Build.0 = Release|Any CPU
	EndGlobalSection
	GlobalSection(SolutionProperties) = preSolution
		HideSolutionNode = FALSE
	EndGlobalSection
	GlobalSection(ExtensibilityGlobals) = postSolution
		SolutionGuid = {FF13EB1C-B4C9-425C-8A7A-802C1528CCD2}
	EndGlobalSection
EndGlobal
